
Microsoft Visual Studio Solution File, Format Version 12.00
# Visual Studio Version 17
VisualStudioVersion = 17.0.31410.414
MinimumVisualStudioVersion = 10.0.40219.1
Project("{2150E333-8FDC-42A3-9474-1A3956D46DE8}") = "src", "src", "{8F145111-7A3B-41B1-9296-F3BE4C7DE84F}"
EndProject
Project("{2150E333-8FDC-42A3-9474-1A3956D46DE8}") = "tests", "tests", "{42843C0B-EBF7-42D7-B3A2-CBC89FE57BC9}"
EndProject
Project("{9A19103F-16F7-4668-BE54-9A1E7A4F7556}") = "Web", "src\Web\Web.csproj", "{07A55990-9820-4A0E-8DF4-32EED9D347C2}"
	ProjectSection(ProjectDependencies) = postProject
		{7115B231-2AC6-4BC9-BDC1-AD10BAD1CF86} = {7115B231-2AC6-4BC9-BDC1-AD10BAD1CF86}
	EndProjectSection
EndProject
Project("{2150E333-8FDC-42A3-9474-1A3956D46DE8}") = "Solution Items", "Solution Items", "{58F7E087-890C-423A-AEF7-7855C0A7D0F4}"
	ProjectSection(SolutionItems) = preProject
		.editorconfig = .editorconfig
		.gitignore = .gitignore
		.github\workflows\build-validation.yml = .github\workflows\build-validation.yml
		.github\workflows\codeql-analysis.yml = .github\workflows\codeql-analysis.yml
		.github\workflows\deploy-az-func.yml = .github\workflows\deploy-az-func.yml
		.github\workflows\deploy-az-pwnedapi.yml = .github\workflows\deploy-az-pwnedapi.yml
		.github\workflows\deploy-az-static-webapp.yml = .github\workflows\deploy-az-static-webapp.yml
		.github\workflows\deploy-az-webapi.yml = .github\workflows\deploy-az-webapi.yml
		global.json = global.json
		LICENSE = LICENSE
		.github\workflows\machine-translation.yml = .github\workflows\machine-translation.yml
		README.md = README.md
	EndProjectSection
EndProject
Project("{9A19103F-16F7-4668-BE54-9A1E7A4F7556}") = "Web.JokeServices", "src\Web.JokeServices\Web.JokeServices.csproj", "{82605C5C-319B-4717-8A83-00E26DCA7341}"
EndProject
Project("{9A19103F-16F7-4668-BE54-9A1E7A4F7556}") = "Web.Models", "src\Web.Models\Web.Models.csproj", "{D067B719-24F7-41D5-9AC7-C678D8D20057}"
EndProject
Project("{9A19103F-16F7-4668-BE54-9A1E7A4F7556}") = "Web.Extensions", "src\Web.Extensions\Web.Extensions.csproj", "{888F337B-936E-429C-9899-46A3D792D710}"
EndProject
Project("{9A19103F-16F7-4668-BE54-9A1E7A4F7556}") = "Web.TwitterComponents", "src\Web.TwitterComponents\Web.TwitterComponents.csproj", "{7115B231-2AC6-4BC9-BDC1-AD10BAD1CF86}"
EndProject
Project("{9A19103F-16F7-4668-BE54-9A1E7A4F7556}") = "Web.Functions", "src\Web.Functions\Web.Functions.csproj", "{2DE9FBD9-09B9-41D8-9E5D-33BA259A4132}"
EndProject
Project("{9A19103F-16F7-4668-BE54-9A1E7A4F7556}") = "Web.Api", "src\Web.Api\Web.Api.csproj", "{BB30AABB-F71F-4F90-A44E-BA84DCADA310}"
EndProject
Project("{9A19103F-16F7-4668-BE54-9A1E7A4F7556}") = "Web.TwitterServices", "src\Web.TwitterServices\Web.TwitterServices.csproj", "{369662BB-3CFF-4F0D-8036-91847637A4BB}"
EndProject
Project("{9A19103F-16F7-4668-BE54-9A1E7A4F7556}") = "Web.Abstractions", "src\Web.Abstractions\Web.Abstractions.csproj", "{3144FC57-9173-42FF-A503-18073C80588C}"
EndProject
Project("{9A19103F-16F7-4668-BE54-9A1E7A4F7556}") = "Web.LocalStorage", "src\Web.LocalStorage\Web.LocalStorage.csproj", "{2D8C9FC2-7D37-4D1E-8653-6907E8C8EC35}"
EndProject
Project("{9A19103F-16F7-4668-BE54-9A1E7A4F7556}") = "Web.Http.Extensions", "src\Web.Http.Extensions\Web.Http.Extensions.csproj", "{C81A8E26-49B5-4475-ACD7-B50C5ADBAF66}"
EndProject
Project("{9A19103F-16F7-4668-BE54-9A1E7A4F7556}") = "Web.Extensions.Tests", "tests\Web.Extensions.Tests\Web.Extensions.Tests.csproj", "{D2AA585E-7EC6-484B-ACA0-48896857236F}"
EndProject
Project("{9A19103F-16F7-4668-BE54-9A1E7A4F7556}") = "Web.PwnedApi", "src\Web.PwnedApi\Web.PwnedApi.csproj", "{FBD0E03A-E975-4801-8975-4E2BD6EFC655}"
EndProject
Project("{9A19103F-16F7-4668-BE54-9A1E7A4F7556}") = "Web.DistributedCache.Extensions", "src\Web.DistributedCache.Extensions\Web.DistributedCache.Extensions.csproj", "{9B5A2A2F-6F84-4ECF-BE45-B19CDA31CB91}"
EndProject
Global
	GlobalSection(SolutionConfigurationPlatforms) = preSolution
		Debug|Any CPU = Debug|Any CPU
		Release|Any CPU = Release|Any CPU
	EndGlobalSection
	GlobalSection(ProjectConfigurationPlatforms) = postSolution
		{07A55990-9820-4A0E-8DF4-32EED9D347C2}.Debug|Any CPU.ActiveCfg = Debug|Any CPU
		{07A55990-9820-4A0E-8DF4-32EED9D347C2}.Debug|Any CPU.Build.0 = Debug|Any CPU
		{07A55990-9820-4A0E-8DF4-32EED9D347C2}.Release|Any CPU.ActiveCfg = Release|Any CPU
		{07A55990-9820-4A0E-8DF4-32EED9D347C2}.Release|Any CPU.Build.0 = Release|Any CPU
		{82605C5C-319B-4717-8A83-00E26DCA7341}.Debug|Any CPU.ActiveCfg = Debug|Any CPU
		{82605C5C-319B-4717-8A83-00E26DCA7341}.Debug|Any CPU.Build.0 = Debug|Any CPU
		{82605C5C-319B-4717-8A83-00E26DCA7341}.Release|Any CPU.ActiveCfg = Release|Any CPU
		{82605C5C-319B-4717-8A83-00E26DCA7341}.Release|Any CPU.Build.0 = Release|Any CPU
		{D067B719-24F7-41D5-9AC7-C678D8D20057}.Debug|Any CPU.ActiveCfg = Debug|Any CPU
		{D067B719-24F7-41D5-9AC7-C678D8D20057}.Debug|Any CPU.Build.0 = Debug|Any CPU
		{D067B719-24F7-41D5-9AC7-C678D8D20057}.Release|Any CPU.ActiveCfg = Release|Any CPU
		{D067B719-24F7-41D5-9AC7-C678D8D20057}.Release|Any CPU.Build.0 = Release|Any CPU
		{888F337B-936E-429C-9899-46A3D792D710}.Debug|Any CPU.ActiveCfg = Debug|Any CPU
		{888F337B-936E-429C-9899-46A3D792D710}.Debug|Any CPU.Build.0 = Debug|Any CPU
		{888F337B-936E-429C-9899-46A3D792D710}.Release|Any CPU.ActiveCfg = Release|Any CPU
		{888F337B-936E-429C-9899-46A3D792D710}.Release|Any CPU.Build.0 = Release|Any CPU
		{7115B231-2AC6-4BC9-BDC1-AD10BAD1CF86}.Debug|Any CPU.ActiveCfg = Debug|Any CPU
		{7115B231-2AC6-4BC9-BDC1-AD10BAD1CF86}.Debug|Any CPU.Build.0 = Debug|Any CPU
		{7115B231-2AC6-4BC9-BDC1-AD10BAD1CF86}.Release|Any CPU.ActiveCfg = Release|Any CPU
		{7115B231-2AC6-4BC9-BDC1-AD10BAD1CF86}.Release|Any CPU.Build.0 = Release|Any CPU
		{2DE9FBD9-09B9-41D8-9E5D-33BA259A4132}.Debug|Any CPU.ActiveCfg = Debug|Any CPU
		{2DE9FBD9-09B9-41D8-9E5D-33BA259A4132}.Debug|Any CPU.Build.0 = Debug|Any CPU
		{2DE9FBD9-09B9-41D8-9E5D-33BA259A4132}.Release|Any CPU.ActiveCfg = Release|Any CPU
		{2DE9FBD9-09B9-41D8-9E5D-33BA259A4132}.Release|Any CPU.Build.0 = Release|Any CPU
		{BB30AABB-F71F-4F90-A44E-BA84DCADA310}.Debug|Any CPU.ActiveCfg = Debug|Any CPU
		{BB30AABB-F71F-4F90-A44E-BA84DCADA310}.Debug|Any CPU.Build.0 = Debug|Any CPU
		{BB30AABB-F71F-4F90-A44E-BA84DCADA310}.Release|Any CPU.ActiveCfg = Release|Any CPU
		{BB30AABB-F71F-4F90-A44E-BA84DCADA310}.Release|Any CPU.Build.0 = Release|Any CPU
		{369662BB-3CFF-4F0D-8036-91847637A4BB}.Debug|Any CPU.ActiveCfg = Debug|Any CPU
		{369662BB-3CFF-4F0D-8036-91847637A4BB}.Debug|Any CPU.Build.0 = Debug|Any CPU
		{369662BB-3CFF-4F0D-8036-91847637A4BB}.Release|Any CPU.ActiveCfg = Release|Any CPU
		{369662BB-3CFF-4F0D-8036-91847637A4BB}.Release|Any CPU.Build.0 = Release|Any CPU
		{3144FC57-9173-42FF-A503-18073C80588C}.Debug|Any CPU.ActiveCfg = Debug|Any CPU
		{3144FC57-9173-42FF-A503-18073C80588C}.Debug|Any CPU.Build.0 = Debug|Any CPU
		{3144FC57-9173-42FF-A503-18073C80588C}.Release|Any CPU.ActiveCfg = Release|Any CPU
		{3144FC57-9173-42FF-A503-18073C80588C}.Release|Any CPU.Build.0 = Release|Any CPU
		{2D8C9FC2-7D37-4D1E-8653-6907E8C8EC35}.Debug|Any CPU.ActiveCfg = Debug|Any CPU
		{2D8C9FC2-7D37-4D1E-8653-6907E8C8EC35}.Debug|Any CPU.Build.0 = Debug|Any CPU
		{2D8C9FC2-7D37-4D1E-8653-6907E8C8EC35}.Release|Any CPU.ActiveCfg = Release|Any CPU
		{2D8C9FC2-7D37-4D1E-8653-6907E8C8EC35}.Release|Any CPU.Build.0 = Release|Any CPU
		{C81A8E26-49B5-4475-ACD7-B50C5ADBAF66}.Debug|Any CPU.ActiveCfg = Debug|Any CPU
		{C81A8E26-49B5-4475-ACD7-B50C5ADBAF66}.Debug|Any CPU.Build.0 = Debug|Any CPU
		{C81A8E26-49B5-4475-ACD7-B50C5ADBAF66}.Release|Any CPU.ActiveCfg = Release|Any CPU
		{C81A8E26-49B5-4475-ACD7-B50C5ADBAF66}.Release|Any CPU.Build.0 = Release|Any CPU
		{D2AA585E-7EC6-484B-ACA0-48896857236F}.Debug|Any CPU.ActiveCfg = Debug|Any CPU
		{D2AA585E-7EC6-484B-ACA0-48896857236F}.Debug|Any CPU.Build.0 = Debug|Any CPU
		{D2AA585E-7EC6-484B-ACA0-48896857236F}.Release|Any CPU.ActiveCfg = Release|Any CPU
		{D2AA585E-7EC6-484B-ACA0-48896857236F}.Release|Any CPU.Build.0 = Release|Any CPU
		{FBD0E03A-E975-4801-8975-4E2BD6EFC655}.Debug|Any CPU.ActiveCfg = Debug|Any CPU
		{FBD0E03A-E975-4801-8975-4E2BD6EFC655}.Debug|Any CPU.Build.0 = Debug|Any CPU
		{FBD0E03A-E975-4801-8975-4E2BD6EFC655}.Release|Any CPU.ActiveCfg = Release|Any CPU
		{FBD0E03A-E975-4801-8975-4E2BD6EFC655}.Release|Any CPU.Build.0 = Release|Any CPU
		{9B5A2A2F-6F84-4ECF-BE45-B19CDA31CB91}.Debug|Any CPU.ActiveCfg = Debug|Any CPU
		{9B5A2A2F-6F84-4ECF-BE45-B19CDA31CB91}.Debug|Any CPU.Build.0 = Debug|Any CPU
		{9B5A2A2F-6F84-4ECF-BE45-B19CDA31CB91}.Release|Any CPU.ActiveCfg = Release|Any CPU
		{9B5A2A2F-6F84-4ECF-BE45-B19CDA31CB91}.Release|Any CPU.Build.0 = Release|Any CPU
	EndGlobalSection
	GlobalSection(SolutionProperties) = preSolution
		HideSolutionNode = FALSE
	EndGlobalSection
	GlobalSection(NestedProjects) = preSolution
		{07A55990-9820-4A0E-8DF4-32EED9D347C2} = {8F145111-7A3B-41B1-9296-F3BE4C7DE84F}
		{82605C5C-319B-4717-8A83-00E26DCA7341} = {8F145111-7A3B-41B1-9296-F3BE4C7DE84F}
		{D067B719-24F7-41D5-9AC7-C678D8D20057} = {8F145111-7A3B-41B1-9296-F3BE4C7DE84F}
		{888F337B-936E-429C-9899-46A3D792D710} = {8F145111-7A3B-41B1-9296-F3BE4C7DE84F}
		{7115B231-2AC6-4BC9-BDC1-AD10BAD1CF86} = {8F145111-7A3B-41B1-9296-F3BE4C7DE84F}
		{2DE9FBD9-09B9-41D8-9E5D-33BA259A4132} = {8F145111-7A3B-41B1-9296-F3BE4C7DE84F}
		{BB30AABB-F71F-4F90-A44E-BA84DCADA310} = {8F145111-7A3B-41B1-9296-F3BE4C7DE84F}
		{369662BB-3CFF-4F0D-8036-91847637A4BB} = {8F145111-7A3B-41B1-9296-F3BE4C7DE84F}
		{3144FC57-9173-42FF-A503-18073C80588C} = {8F145111-7A3B-41B1-9296-F3BE4C7DE84F}
		{2D8C9FC2-7D37-4D1E-8653-6907E8C8EC35} = {8F145111-7A3B-41B1-9296-F3BE4C7DE84F}
		{C81A8E26-49B5-4475-ACD7-B50C5ADBAF66} = {8F145111-7A3B-41B1-9296-F3BE4C7DE84F}
		{D2AA585E-7EC6-484B-ACA0-48896857236F} = {42843C0B-EBF7-42D7-B3A2-CBC89FE57BC9}
		{FBD0E03A-E975-4801-8975-4E2BD6EFC655} = {8F145111-7A3B-41B1-9296-F3BE4C7DE84F}
		{9B5A2A2F-6F84-4ECF-BE45-B19CDA31CB91} = {8F145111-7A3B-41B1-9296-F3BE4C7DE84F}
	EndGlobalSection
	GlobalSection(ExtensibilityGlobals) = postSolution
		SolutionGuid = {B464D63B-2CBF-4514-9CD7-2A9371E8404D}
	EndGlobalSection
EndGlobal
